
Microsoft Visual Studio Solution File, Format Version 12.00
# Visual Studio Version 17
VisualStudioVersion = 17.4.33205.214
MinimumVisualStudioVersion = 10.0.40219.1
Project("{FAE04EC0-301F-11D3-BF4B-00C04F79EFBC}") = "CotacaoMoedasAPI", "CotacaoMoedasAPI\CotacaoMoedasAPI.csproj", "{79D52EC7-28FE-4A1D-9E8C-CE715A96F069}"
EndProject
Global
	GlobalSection(SolutionConfigurationPlatforms) = preSolution
		Debug|Any CPU = Debug|Any CPU
		Release|Any CPU = Release|Any CPU
	EndGlobalSection
	GlobalSection(ProjectConfigurationPlatforms) = postSolution
		{79D52EC7-28FE-4A1D-9E8C-CE715A96F069}.Debug|Any CPU.ActiveCfg = Debug|Any CPU
		{79D52EC7-28FE-4A1D-9E8C-CE715A96F069}.Debug|Any CPU.Build.0 = Debug|Any CPU
		{79D52EC7-28FE-4A1D-9E8C-CE715A96F069}.Release|Any CPU.ActiveCfg = Release|Any CPU
		{79D52EC7-28FE-4A1D-9E8C-CE715A96F069}.Release|Any CPU.Build.0 = Release|Any CPU
	EndGlobalSection
	GlobalSection(SolutionProperties) = preSolution
		HideSolutionNode = FALSE
	EndGlobalSection
	GlobalSection(ExtensibilityGlobals) = postSolution
		SolutionGuid = {779E4EBD-C45C-480B-96BD-7F484BC87A93}
	EndGlobalSection
EndGlobal
